
Microsoft Visual Studio Solution File, Format Version 12.00
# Visual Studio Version 16
VisualStudioVersion = 16.0.30524.135
MinimumVisualStudioVersion = 10.0.40219.1
Project("{FAE04EC0-301F-11D3-BF4B-00C04F79EFBC}") = "App1.Android", "App1\App1.Android\App1.Android.csproj", "{64987FA4-2AAD-429F-8F51-991935BBB013}"
EndProject
Project("{FAE04EC0-301F-11D3-BF4B-00C04F79EFBC}") = "App1.iOS", "App1\App1.iOS\App1.iOS.csproj", "{8DEB263B-2D10-4C2F-92CF-27045EA8786A}"
EndProject
Project("{FAE04EC0-301F-11D3-BF4B-00C04F79EFBC}") = "App1", "App1\App1\App1.csproj", "{F99D038C-3BFA-48E2-A7E2-2866205D591E}"
EndProject
Global
	GlobalSection(SolutionConfigurationPlatforms) = preSolution
		Debug|Any CPU = Debug|Any CPU
		Debug|iPhone = Debug|iPhone
		Debug|iPhoneSimulator = Debug|iPhoneSimulator
		Release|Any CPU = Release|Any CPU
		Release|iPhone = Release|iPhone
		Release|iPhoneSimulator = Release|iPhoneSimulator
	EndGlobalSection
	GlobalSection(ProjectConfigurationPlatforms) = postSolution
		{64987FA4-2AAD-429F-8F51-991935BBB013}.Debug|Any CPU.ActiveCfg = Debug|Any CPU
		{64987FA4-2AAD-429F-8F51-991935BBB013}.Debug|Any CPU.Build.0 = Debug|Any CPU
		{64987FA4-2AAD-429F-8F51-991935BBB013}.Debug|Any CPU.Deploy.0 = Debug|Any CPU
		{64987FA4-2AAD-429F-8F51-991935BBB013}.Debug|iPhone.ActiveCfg = Debug|Any CPU
		{64987FA4-2AAD-429F-8F51-991935BBB013}.Debug|iPhone.Build.0 = Debug|Any CPU
		{64987FA4-2AAD-429F-8F51-991935BBB013}.Debug|iPhone.Deploy.0 = Debug|Any CPU
		{64987FA4-2AAD-429F-8F51-991935BBB013}.Debug|iPhoneSimulator.ActiveCfg = Debug|Any CPU
		{64987FA4-2AAD-429F-8F51-991935BBB013}.Debug|iPhoneSimulator.Build.0 = Debug|Any CPU
		{64987FA4-2AAD-429F-8F51-991935BBB013}.Debug|iPhoneSimulator.Deploy.0 = Debug|Any CPU
		{64987FA4-2AAD-429F-8F51-991935BBB013}.Release|Any CPU.ActiveCfg = Release|Any CPU
		{64987FA4-2AAD-429F-8F51-991935BBB013}.Release|Any CPU.Build.0 = Release|Any CPU
		{64987FA4-2AAD-429F-8F51-991935BBB013}.Release|Any CPU.Deploy.0 = Release|Any CPU
		{64987FA4-2AAD-429F-8F51-991935BBB013}.Release|iPhone.ActiveCfg = Release|Any CPU
		{64987FA4-2AAD-429F-8F51-991935BBB013}.Release|iPhone.Build.0 = Release|Any CPU
		{64987FA4-2AAD-429F-8F51-991935BBB013}.Release|iPhone.Deploy.0 = Release|Any CPU
		{64987FA4-2AAD-429F-8F51-991935BBB013}.Release|iPhoneSimulator.ActiveCfg = Release|Any CPU
		{64987FA4-2AAD-429F-8F51-991935BBB013}.Release|iPhoneSimulator.Build.0 = Release|Any CPU
		{64987FA4-2AAD-429F-8F51-991935BBB013}.Release|iPhoneSimulator.Deploy.0 = Release|Any CPU
		{8DEB263B-2D10-4C2F-92CF-27045EA8786A}.Debug|Any CPU.ActiveCfg = Debug|iPhone
		{8DEB263B-2D10-4C2F-92CF-27045EA8786A}.Debug|Any CPU.Build.0 = Debug|iPhone
		{8DEB263B-2D10-4C2F-92CF-27045EA8786A}.Debug|Any CPU.Deploy.0 = Debug|iPhone
		{8DEB263B-2D10-4C2F-92CF-27045EA8786A}.Debug|iPhone.ActiveCfg = Debug|iPhone
		{8DEB263B-2D10-4C2F-92CF-27045EA8786A}.Debug|iPhone.Build.0 = Debug|iPhone
		{8DEB263B-2D10-4C2F-92CF-27045EA8786A}.Debug|iPhone.Deploy.0 = Debug|iPhone
		{8DEB263B-2D10-4C2F-92CF-27045EA8786A}.Debug|iPhoneSimulator.ActiveCfg = Debug|iPhoneSimulator
		{8DEB263B-2D10-4C2F-92CF-27045EA8786A}.Debug|iPhoneSimulator.Build.0 = Debug|iPhoneSimulator
		{8DEB263B-2D10-4C2F-92CF-27045EA8786A}.Debug|iPhoneSimulator.Deploy.0 = Debug|iPhoneSimulator
		{8DEB263B-2D10-4C2F-92CF-27045EA8786A}.Release|Any CPU.ActiveCfg = Release|iPhoneSimulator
		{8DEB263B-2D10-4C2F-92CF-27045EA8786A}.Release|Any CPU.Build.0 = Release|iPhoneSimulator
		{8DEB263B-2D10-4C2F-92CF-27045EA8786A}.Release|Any CPU.Deploy.0 = Release|iPhoneSimulator
		{8DEB263B-2D10-4C2F-92CF-27045EA8786A}.Release|iPhone.ActiveCfg = Release|iPhone
		{8DEB263B-2D10-4C2F-92CF-27045EA8786A}.Release|iPhone.Build.0 = Release|iPhone
		{8DEB263B-2D10-4C2F-92CF-27045EA8786A}.Release|iPhone.Deploy.0 = Release|iPhone
		{8DEB263B-2D10-4C2F-92CF-27045EA8786A}.Release|iPhoneSimulator.ActiveCfg = Release|iPhoneSimulator
		{8DEB263B-2D10-4C2F-92CF-27045EA8786A}.Release|iPhoneSimulator.Build.0 = Release|iPhoneSimulator
		{8DEB263B-2D10-4C2F-92CF-27045EA8786A}.Release|iPhoneSimulator.Deploy.0 = Release|iPhoneSimulator
		{F99D038C-3BFA-48E2-A7E2-2866205D591E}.Debug|Any CPU.ActiveCfg = Debug|Any CPU
		{F99D038C-3BFA-48E2-A7E2-2866205D591E}.Debug|Any CPU.Build.0 = Debug|Any CPU
		{F99D038C-3BFA-48E2-A7E2-2866205D591E}.Debug|Any CPU.Deploy.0 = Debug|Any CPU
		{F99D038C-3BFA-48E2-A7E2-2866205D591E}.Debug|iPhone.ActiveCfg = Debug|Any CPU
		{F99D038C-3BFA-48E2-A7E2-2866205D591E}.Debug|iPhone.Build.0 = Debug|Any CPU
		{F99D038C-3BFA-48E2-A7E2-2866205D591E}.Debug|iPhone.Deploy.0 = Debug|Any CPU
		{F99D038C-3BFA-48E2-A7E2-2866205D591E}.Debug|iPhoneSimulator.ActiveCfg = Debug|Any CPU
		{F99D038C-3BFA-48E2-A7E2-2866205D591E}.Debug|iPhoneSimulator.Build.0 = Debug|Any CPU
		{F99D038C-3BFA-48E2-A7E2-2866205D591E}.Debug|iPhoneSimulator.Deploy.0 = Debug|Any CPU
		{F99D038C-3BFA-48E2-A7E2-2866205D591E}.Release|Any CPU.ActiveCfg = Release|Any CPU
		{F99D038C-3BFA-48E2-A7E2-2866205D591E}.Release|Any CPU.Build.0 = Release|Any CPU
		{F99D038C-3BFA-48E2-A7E2-2866205D591E}.Release|Any CPU.Deploy.0 = Release|Any CPU
		{F99D038C-3BFA-48E2-A7E2-2866205D591E}.Release|iPhone.ActiveCfg = Release|Any CPU
		{F99D038C-3BFA-48E2-A7E2-2866205D591E}.Release|iPhone.Build.0 = Release|Any CPU
		{F99D038C-3BFA-48E2-A7E2-2866205D591E}.Release|iPhone.Deploy.0 = Release|Any CPU
		{F99D038C-3BFA-48E2-A7E2-2866205D591E}.Release|iPhoneSimulator.ActiveCfg = Release|Any CPU
		{F99D038C-3BFA-48E2-A7E2-2866205D591E}.Release|iPhoneSimulator.Build.0 = Release|Any CPU
		{F99D038C-3BFA-48E2-A7E2-2866205D591E}.Release|iPhoneSimulator.Deploy.0 = Release|Any CPU
	EndGlobalSection
	GlobalSection(SolutionProperties) = preSolution
		HideSolutionNode = FALSE
	EndGlobalSection
	GlobalSection(ExtensibilityGlobals) = postSolution
		SolutionGuid = {801B4924-EEF9-4BAF-A156-F92E6C3066F3}
	EndGlobalSection
EndGlobal
